
Microsoft Visual Studio Solution File, Format Version 12.00
# Visual Studio Version 17
VisualStudioVersion = 17.11.35219.272
MinimumVisualStudioVersion = 10.0.40219.1
Project("{9A19103F-16F7-4668-BE54-9A1E7A4F7556}") = "KCSSandBox", "KCSSandBox\KCSSandBox.csproj", "{528ED3E0-51E4-4726-B7A5-C8B8C1E61416}"
EndProject
Project("{9A19103F-16F7-4668-BE54-9A1E7A4F7556}") = "KCSEventLog", "KCSEventLog\KCSEventLog.csproj", "{29050D50-8782-48F4-A79E-805D6DFE6245}"
EndProject
Project("{9A19103F-16F7-4668-BE54-9A1E7A4F7556}") = "KCSWindows", "KCSWindows\KCSWindows.csproj", "{50BA6BE3-6968-43F8-B988-3F70ED34DEA6}"
EndProject
Project("{9A19103F-16F7-4668-BE54-9A1E7A4F7556}") = "KCSCore", "KCSCore\KCSCore.csproj", "{BD43A7C3-4D65-4470-931A-243AEC69BFA4}"
EndProject
Project("{9A19103F-16F7-4668-BE54-9A1E7A4F7556}") = "KCSWPFCore", "KCSWPFCore\KCSWPFCore.csproj", "{3CC51488-8FBF-4C09-A0FB-288064DA263F}"
EndProject
Project("{9A19103F-16F7-4668-BE54-9A1E7A4F7556}") = "KCSEventLogWPF", "KCSEventLogWPF\KCSEventLogWPF.csproj", "{BD4F769D-70CD-475C-A230-B38E2E431B93}"
EndProject
Project("{9A19103F-16F7-4668-BE54-9A1E7A4F7556}") = "KCSEventLogViewerWPF", "KCSEventLogViewerWPF\KCSEventLogViewerWPF.csproj", "{BC9E4C72-D204-4772-80A6-674A1054D9A7}"
EndProject
Project("{9A19103F-16F7-4668-BE54-9A1E7A4F7556}") = "KCSEventLogViewer", "KCSEventLogViewer\KCSEventLogViewer.csproj", "{5AC395E2-36D6-4E52-9BA5-F67BFF185CCB}"
EndProject
Project("{FAE04EC0-301F-11D3-BF4B-00C04F79EFBC}") = "KCSPokeAPI", "KCSPokeAPI\KCSPokeAPI.csproj", "{BA3E6FA4-EE7A-4BCF-B5FD-F0270DAF06A3}"
EndProject
Project("{FAE04EC0-301F-11D3-BF4B-00C04F79EFBC}") = "KCSDragonQuest", "KCSDragonQuest\KCSDragonQuest.csproj", "{8DF992CB-5EF4-465B-87B4-E1BA0FCC697B}"
EndProject
Project("{FAE04EC0-301F-11D3-BF4B-00C04F79EFBC}") = "Kos.Core", "Kos.Core\Kos.Core.csproj", "{EA82C357-D4E5-4BA7-A264-1AAA83D3BA77}"
EndProject
Project("{FAE04EC0-301F-11D3-BF4B-00C04F79EFBC}") = "Kos.Core.WPF", "Kos.Core.WPF\Kos.Core.WPF.csproj", "{04C514A3-1949-41D6-9DE5-C60D9881152C}"
EndProject
Project("{FAE04EC0-301F-11D3-BF4B-00C04F79EFBC}") = "Kos.EventLog", "Kos.EventLog\Kos.EventLog.csproj", "{914263E4-26FD-4FD0-8880-F1EAEA7AA2E7}"
EndProject
Project("{FAE04EC0-301F-11D3-BF4B-00C04F79EFBC}") = "Kos.EventLog.WPF", "Kos.EventLog.WPF\Kos.EventLog.WPF.csproj", "{DDF30EB9-5CAB-481B-B69D-14D31A6A7ABE}"
EndProject
Project("{FAE04EC0-301F-11D3-BF4B-00C04F79EFBC}") = "AppEventLogViewer", "AppEventLogViewer\AppEventLogViewer.csproj", "{0ABFF086-6C23-425F-B19A-F960BEFA36B2}"
EndProject
Project("{FAE04EC0-301F-11D3-BF4B-00C04F79EFBC}") = "AppEventLogViewerWPF", "AppEventLogViewerWPF\AppEventLogViewerWPF.csproj", "{0EAEDE1D-9FF8-4D77-AB87-A5E48B01A8D1}"
EndProject
Project("{FAE04EC0-301F-11D3-BF4B-00C04F79EFBC}") = "Kos.PokeAPI", "Kos.PokeAPI\Kos.PokeAPI.csproj", "{F1840C08-A75D-4477-B25C-CE3D5F91ECB2}"
EndProject
Project("{FAE04EC0-301F-11D3-BF4B-00C04F79EFBC}") = "Kos.PokeAPI.Utility", "Kos.PokeAPI.Utility\Kos.PokeAPI.Utility.csproj", "{608150C7-E80D-42F1-9538-8739A585AE18}"
EndProject
Project("{FAE04EC0-301F-11D3-BF4B-00C04F79EFBC}") = "Kos.PokeAPI.ResourceLists", "Kos.PokeAPI.ResourceLists\Kos.PokeAPI.ResourceLists.csproj", "{790760A5-C668-4B1F-BCF2-2ADCA9637C61}"
EndProject
Project("{FAE04EC0-301F-11D3-BF4B-00C04F79EFBC}") = "AppPokeAPIViewer", "AppPokeAPIViewer\AppPokeAPIViewer.csproj", "{60667867-211C-4601-840A-FA34F123784A}"
EndProject
Project("{FAE04EC0-301F-11D3-BF4B-00C04F79EFBC}") = "Kos.PokeAPI.Berries", "Kos.PokeAPI.Berries\Kos.PokeAPI.Berries.csproj", "{FC8485E1-4E45-4598-B67E-38D17C192679}"
EndProject
Project("{FAE04EC0-301F-11D3-BF4B-00C04F79EFBC}") = "Kos.PokeAPI.Utility.WPF", "Kos.PokeAPI.Utility.WPF\Kos.PokeAPI.Utility.WPF.csproj", "{A8269823-F52F-4EEB-B395-40F46BF9F54F}"
EndProject
Project("{FAE04EC0-301F-11D3-BF4B-00C04F79EFBC}") = "Kos.PokeAPI.Contests", "Kos.PokeAPI.Contests\Kos.PokeAPI.Contests.csproj", "{D792A2A6-A9D8-4B0B-BB4D-D9C554A94D87}"
EndProject
Project("{FAE04EC0-301F-11D3-BF4B-00C04F79EFBC}") = "Kos.PokeAPI.Forms", "Kos.PokeAPI.Forms\Kos.PokeAPI.Forms.csproj", "{BEC9970B-B3AD-45C2-A241-B442A14E52A9}"
EndProject
Project("{FAE04EC0-301F-11D3-BF4B-00C04F79EFBC}") = "Kos.Core.Forms", "Kos.Core.Forms\Kos.Core.Forms.csproj", "{AA1C7551-09F3-4175-976B-E20D0CDB3600}"
EndProject
Project("{FAE04EC0-301F-11D3-BF4B-00C04F79EFBC}") = "Kos.PokeAPI.Encounters", "Kos.PokeAPI.Encounters\Kos.PokeAPI.Encounters.csproj", "{3F8EA48E-DE8A-4B5C-BBA7-D7612AC55693}"
EndProject
Project("{FAE04EC0-301F-11D3-BF4B-00C04F79EFBC}") = "Kos.PokeAPI.Evolution", "Kos.PokeAPI.Evolution\Kos.PokeAPI.Evolution.csproj", "{100D590D-28D6-4827-B1E9-BE2B6E8948EF}"
EndProject
Project("{FAE04EC0-301F-11D3-BF4B-00C04F79EFBC}") = "Kos.PokeAPI.Games", "Kos.PokeAPI.Games\Kos.PokeAPI.Games.csproj", "{1CB2A4B1-583F-4185-8E65-F9A5399111E1}"
EndProject
Project("{FAE04EC0-301F-11D3-BF4B-00C04F79EFBC}") = "Kos.PokeAPI.Items", "Kos.PokeAPI.Items\Kos.PokeAPI.Items.csproj", "{A891F48B-005A-4EA3-A069-22105BDC7D2E}"
EndProject
Project("{FAE04EC0-301F-11D3-BF4B-00C04F79EFBC}") = "Kos.PokeAPI.Locations", "Kos.PokeAPI.Locations\Kos.PokeAPI.Locations.csproj", "{2BCC8DFF-9593-4E3A-850C-9FB2DB633C71}"
EndProject
Global
	GlobalSection(SolutionConfigurationPlatforms) = preSolution
		Debug|Any CPU = Debug|Any CPU
		Release|Any CPU = Release|Any CPU
	EndGlobalSection
	GlobalSection(ProjectConfigurationPlatforms) = postSolution
		{528ED3E0-51E4-4726-B7A5-C8B8C1E61416}.Debug|Any CPU.ActiveCfg = Debug|Any CPU
		{528ED3E0-51E4-4726-B7A5-C8B8C1E61416}.Debug|Any CPU.Build.0 = Debug|Any CPU
		{528ED3E0-51E4-4726-B7A5-C8B8C1E61416}.Release|Any CPU.ActiveCfg = Release|Any CPU
		{528ED3E0-51E4-4726-B7A5-C8B8C1E61416}.Release|Any CPU.Build.0 = Release|Any CPU
		{29050D50-8782-48F4-A79E-805D6DFE6245}.Debug|Any CPU.ActiveCfg = Debug|Any CPU
		{29050D50-8782-48F4-A79E-805D6DFE6245}.Debug|Any CPU.Build.0 = Debug|Any CPU
		{29050D50-8782-48F4-A79E-805D6DFE6245}.Release|Any CPU.ActiveCfg = Release|Any CPU
		{29050D50-8782-48F4-A79E-805D6DFE6245}.Release|Any CPU.Build.0 = Release|Any CPU
		{50BA6BE3-6968-43F8-B988-3F70ED34DEA6}.Debug|Any CPU.ActiveCfg = Debug|Any CPU
		{50BA6BE3-6968-43F8-B988-3F70ED34DEA6}.Debug|Any CPU.Build.0 = Debug|Any CPU
		{50BA6BE3-6968-43F8-B988-3F70ED34DEA6}.Release|Any CPU.ActiveCfg = Release|Any CPU
		{50BA6BE3-6968-43F8-B988-3F70ED34DEA6}.Release|Any CPU.Build.0 = Release|Any CPU
		{BD43A7C3-4D65-4470-931A-243AEC69BFA4}.Debug|Any CPU.ActiveCfg = Debug|Any CPU
		{BD43A7C3-4D65-4470-931A-243AEC69BFA4}.Debug|Any CPU.Build.0 = Debug|Any CPU
		{BD43A7C3-4D65-4470-931A-243AEC69BFA4}.Release|Any CPU.ActiveCfg = Release|Any CPU
		{BD43A7C3-4D65-4470-931A-243AEC69BFA4}.Release|Any CPU.Build.0 = Release|Any CPU
		{3CC51488-8FBF-4C09-A0FB-288064DA263F}.Debug|Any CPU.ActiveCfg = Debug|Any CPU
		{3CC51488-8FBF-4C09-A0FB-288064DA263F}.Debug|Any CPU.Build.0 = Debug|Any CPU
		{3CC51488-8FBF-4C09-A0FB-288064DA263F}.Release|Any CPU.ActiveCfg = Release|Any CPU
		{3CC51488-8FBF-4C09-A0FB-288064DA263F}.Release|Any CPU.Build.0 = Release|Any CPU
		{BD4F769D-70CD-475C-A230-B38E2E431B93}.Debug|Any CPU.ActiveCfg = Debug|Any CPU
		{BD4F769D-70CD-475C-A230-B38E2E431B93}.Debug|Any CPU.Build.0 = Debug|Any CPU
		{BD4F769D-70CD-475C-A230-B38E2E431B93}.Release|Any CPU.ActiveCfg = Release|Any CPU
		{BD4F769D-70CD-475C-A230-B38E2E431B93}.Release|Any CPU.Build.0 = Release|Any CPU
		{BC9E4C72-D204-4772-80A6-674A1054D9A7}.Debug|Any CPU.ActiveCfg = Debug|Any CPU
		{BC9E4C72-D204-4772-80A6-674A1054D9A7}.Debug|Any CPU.Build.0 = Debug|Any CPU
		{BC9E4C72-D204-4772-80A6-674A1054D9A7}.Release|Any CPU.ActiveCfg = Release|Any CPU
		{BC9E4C72-D204-4772-80A6-674A1054D9A7}.Release|Any CPU.Build.0 = Release|Any CPU
		{5AC395E2-36D6-4E52-9BA5-F67BFF185CCB}.Debug|Any CPU.ActiveCfg = Debug|Any CPU
		{5AC395E2-36D6-4E52-9BA5-F67BFF185CCB}.Debug|Any CPU.Build.0 = Debug|Any CPU
		{5AC395E2-36D6-4E52-9BA5-F67BFF185CCB}.Release|Any CPU.ActiveCfg = Release|Any CPU
		{5AC395E2-36D6-4E52-9BA5-F67BFF185CCB}.Release|Any CPU.Build.0 = Release|Any CPU
		{BA3E6FA4-EE7A-4BCF-B5FD-F0270DAF06A3}.Debug|Any CPU.ActiveCfg = Debug|Any CPU
		{BA3E6FA4-EE7A-4BCF-B5FD-F0270DAF06A3}.Debug|Any CPU.Build.0 = Debug|Any CPU
		{BA3E6FA4-EE7A-4BCF-B5FD-F0270DAF06A3}.Release|Any CPU.ActiveCfg = Release|Any CPU
		{BA3E6FA4-EE7A-4BCF-B5FD-F0270DAF06A3}.Release|Any CPU.Build.0 = Release|Any CPU
		{8DF992CB-5EF4-465B-87B4-E1BA0FCC697B}.Debug|Any CPU.ActiveCfg = Debug|Any CPU
		{8DF992CB-5EF4-465B-87B4-E1BA0FCC697B}.Debug|Any CPU.Build.0 = Debug|Any CPU
		{8DF992CB-5EF4-465B-87B4-E1BA0FCC697B}.Release|Any CPU.ActiveCfg = Release|Any CPU
		{8DF992CB-5EF4-465B-87B4-E1BA0FCC697B}.Release|Any CPU.Build.0 = Release|Any CPU
		{EA82C357-D4E5-4BA7-A264-1AAA83D3BA77}.Debug|Any CPU.ActiveCfg = Debug|Any CPU
		{EA82C357-D4E5-4BA7-A264-1AAA83D3BA77}.Debug|Any CPU.Build.0 = Debug|Any CPU
		{EA82C357-D4E5-4BA7-A264-1AAA83D3BA77}.Release|Any CPU.ActiveCfg = Release|Any CPU
		{EA82C357-D4E5-4BA7-A264-1AAA83D3BA77}.Release|Any CPU.Build.0 = Release|Any CPU
		{04C514A3-1949-41D6-9DE5-C60D9881152C}.Debug|Any CPU.ActiveCfg = Debug|Any CPU
		{04C514A3-1949-41D6-9DE5-C60D9881152C}.Debug|Any CPU.Build.0 = Debug|Any CPU
		{04C514A3-1949-41D6-9DE5-C60D9881152C}.Release|Any CPU.ActiveCfg = Release|Any CPU
		{04C514A3-1949-41D6-9DE5-C60D9881152C}.Release|Any CPU.Build.0 = Release|Any CPU
		{914263E4-26FD-4FD0-8880-F1EAEA7AA2E7}.Debug|Any CPU.ActiveCfg = Debug|Any CPU
		{914263E4-26FD-4FD0-8880-F1EAEA7AA2E7}.Debug|Any CPU.Build.0 = Debug|Any CPU
		{914263E4-26FD-4FD0-8880-F1EAEA7AA2E7}.Release|Any CPU.ActiveCfg = Release|Any CPU
		{914263E4-26FD-4FD0-8880-F1EAEA7AA2E7}.Release|Any CPU.Build.0 = Release|Any CPU
		{DDF30EB9-5CAB-481B-B69D-14D31A6A7ABE}.Debug|Any CPU.ActiveCfg = Debug|Any CPU
		{DDF30EB9-5CAB-481B-B69D-14D31A6A7ABE}.Debug|Any CPU.Build.0 = Debug|Any CPU
		{DDF30EB9-5CAB-481B-B69D-14D31A6A7ABE}.Release|Any CPU.ActiveCfg = Release|Any CPU
		{DDF30EB9-5CAB-481B-B69D-14D31A6A7ABE}.Release|Any CPU.Build.0 = Release|Any CPU
		{0ABFF086-6C23-425F-B19A-F960BEFA36B2}.Debug|Any CPU.ActiveCfg = Debug|Any CPU
		{0ABFF086-6C23-425F-B19A-F960BEFA36B2}.Debug|Any CPU.Build.0 = Debug|Any CPU
		{0ABFF086-6C23-425F-B19A-F960BEFA36B2}.Release|Any CPU.ActiveCfg = Release|Any CPU
		{0ABFF086-6C23-425F-B19A-F960BEFA36B2}.Release|Any CPU.Build.0 = Release|Any CPU
		{0EAEDE1D-9FF8-4D77-AB87-A5E48B01A8D1}.Debug|Any CPU.ActiveCfg = Debug|Any CPU
		{0EAEDE1D-9FF8-4D77-AB87-A5E48B01A8D1}.Debug|Any CPU.Build.0 = Debug|Any CPU
		{0EAEDE1D-9FF8-4D77-AB87-A5E48B01A8D1}.Release|Any CPU.ActiveCfg = Release|Any CPU
		{0EAEDE1D-9FF8-4D77-AB87-A5E48B01A8D1}.Release|Any CPU.Build.0 = Release|Any CPU
		{F1840C08-A75D-4477-B25C-CE3D5F91ECB2}.Debug|Any CPU.ActiveCfg = Debug|Any CPU
		{F1840C08-A75D-4477-B25C-CE3D5F91ECB2}.Debug|Any CPU.Build.0 = Debug|Any CPU
		{F1840C08-A75D-4477-B25C-CE3D5F91ECB2}.Release|Any CPU.ActiveCfg = Release|Any CPU
		{F1840C08-A75D-4477-B25C-CE3D5F91ECB2}.Release|Any CPU.Build.0 = Release|Any CPU
		{608150C7-E80D-42F1-9538-8739A585AE18}.Debug|Any CPU.ActiveCfg = Debug|Any CPU
		{608150C7-E80D-42F1-9538-8739A585AE18}.Debug|Any CPU.Build.0 = Debug|Any CPU
		{608150C7-E80D-42F1-9538-8739A585AE18}.Release|Any CPU.ActiveCfg = Release|Any CPU
		{608150C7-E80D-42F1-9538-8739A585AE18}.Release|Any CPU.Build.0 = Release|Any CPU
		{790760A5-C668-4B1F-BCF2-2ADCA9637C61}.Debug|Any CPU.ActiveCfg = Debug|Any CPU
		{790760A5-C668-4B1F-BCF2-2ADCA9637C61}.Debug|Any CPU.Build.0 = Debug|Any CPU
		{790760A5-C668-4B1F-BCF2-2ADCA9637C61}.Release|Any CPU.ActiveCfg = Release|Any CPU
		{790760A5-C668-4B1F-BCF2-2ADCA9637C61}.Release|Any CPU.Build.0 = Release|Any CPU
		{60667867-211C-4601-840A-FA34F123784A}.Debug|Any CPU.ActiveCfg = Debug|Any CPU
		{60667867-211C-4601-840A-FA34F123784A}.Debug|Any CPU.Build.0 = Debug|Any CPU
		{60667867-211C-4601-840A-FA34F123784A}.Release|Any CPU.ActiveCfg = Release|Any CPU
		{60667867-211C-4601-840A-FA34F123784A}.Release|Any CPU.Build.0 = Release|Any CPU
		{FC8485E1-4E45-4598-B67E-38D17C192679}.Debug|Any CPU.ActiveCfg = Debug|Any CPU
		{FC8485E1-4E45-4598-B67E-38D17C192679}.Debug|Any CPU.Build.0 = Debug|Any CPU
		{FC8485E1-4E45-4598-B67E-38D17C192679}.Release|Any CPU.ActiveCfg = Release|Any CPU
		{FC8485E1-4E45-4598-B67E-38D17C192679}.Release|Any CPU.Build.0 = Release|Any CPU
		{A8269823-F52F-4EEB-B395-40F46BF9F54F}.Debug|Any CPU.ActiveCfg = Debug|Any CPU
		{A8269823-F52F-4EEB-B395-40F46BF9F54F}.Debug|Any CPU.Build.0 = Debug|Any CPU
		{A8269823-F52F-4EEB-B395-40F46BF9F54F}.Release|Any CPU.ActiveCfg = Release|Any CPU
		{A8269823-F52F-4EEB-B395-40F46BF9F54F}.Release|Any CPU.Build.0 = Release|Any CPU
		{D792A2A6-A9D8-4B0B-BB4D-D9C554A94D87}.Debug|Any CPU.ActiveCfg = Debug|Any CPU
		{D792A2A6-A9D8-4B0B-BB4D-D9C554A94D87}.Debug|Any CPU.Build.0 = Debug|Any CPU
		{D792A2A6-A9D8-4B0B-BB4D-D9C554A94D87}.Release|Any CPU.ActiveCfg = Release|Any CPU
		{D792A2A6-A9D8-4B0B-BB4D-D9C554A94D87}.Release|Any CPU.Build.0 = Release|Any CPU
		{BEC9970B-B3AD-45C2-A241-B442A14E52A9}.Debug|Any CPU.ActiveCfg = Debug|Any CPU
		{BEC9970B-B3AD-45C2-A241-B442A14E52A9}.Debug|Any CPU.Build.0 = Debug|Any CPU
		{BEC9970B-B3AD-45C2-A241-B442A14E52A9}.Release|Any CPU.ActiveCfg = Release|Any CPU
		{BEC9970B-B3AD-45C2-A241-B442A14E52A9}.Release|Any CPU.Build.0 = Release|Any CPU
		{AA1C7551-09F3-4175-976B-E20D0CDB3600}.Debug|Any CPU.ActiveCfg = Debug|Any CPU
		{AA1C7551-09F3-4175-976B-E20D0CDB3600}.Debug|Any CPU.Build.0 = Debug|Any CPU
		{AA1C7551-09F3-4175-976B-E20D0CDB3600}.Release|Any CPU.ActiveCfg = Release|Any CPU
		{AA1C7551-09F3-4175-976B-E20D0CDB3600}.Release|Any CPU.Build.0 = Release|Any CPU
		{3F8EA48E-DE8A-4B5C-BBA7-D7612AC55693}.Debug|Any CPU.ActiveCfg = Debug|Any CPU
		{3F8EA48E-DE8A-4B5C-BBA7-D7612AC55693}.Debug|Any CPU.Build.0 = Debug|Any CPU
		{3F8EA48E-DE8A-4B5C-BBA7-D7612AC55693}.Release|Any CPU.ActiveCfg = Release|Any CPU
		{3F8EA48E-DE8A-4B5C-BBA7-D7612AC55693}.Release|Any CPU.Build.0 = Release|Any CPU
		{100D590D-28D6-4827-B1E9-BE2B6E8948EF}.Debug|Any CPU.ActiveCfg = Debug|Any CPU
		{100D590D-28D6-4827-B1E9-BE2B6E8948EF}.Debug|Any CPU.Build.0 = Debug|Any CPU
		{100D590D-28D6-4827-B1E9-BE2B6E8948EF}.Release|Any CPU.ActiveCfg = Release|Any CPU
		{100D590D-28D6-4827-B1E9-BE2B6E8948EF}.Release|Any CPU.Build.0 = Release|Any CPU
		{1CB2A4B1-583F-4185-8E65-F9A5399111E1}.Debug|Any CPU.ActiveCfg = Debug|Any CPU
		{1CB2A4B1-583F-4185-8E65-F9A5399111E1}.Debug|Any CPU.Build.0 = Debug|Any CPU
		{1CB2A4B1-583F-4185-8E65-F9A5399111E1}.Release|Any CPU.ActiveCfg = Release|Any CPU
		{1CB2A4B1-583F-4185-8E65-F9A5399111E1}.Release|Any CPU.Build.0 = Release|Any CPU
		{A891F48B-005A-4EA3-A069-22105BDC7D2E}.Debug|Any CPU.ActiveCfg = Debug|Any CPU
		{A891F48B-005A-4EA3-A069-22105BDC7D2E}.Debug|Any CPU.Build.0 = Debug|Any CPU
		{A891F48B-005A-4EA3-A069-22105BDC7D2E}.Release|Any CPU.ActiveCfg = Release|Any CPU
		{A891F48B-005A-4EA3-A069-22105BDC7D2E}.Release|Any CPU.Build.0 = Release|Any CPU
		{2BCC8DFF-9593-4E3A-850C-9FB2DB633C71}.Debug|Any CPU.ActiveCfg = Debug|Any CPU
		{2BCC8DFF-9593-4E3A-850C-9FB2DB633C71}.Debug|Any CPU.Build.0 = Debug|Any CPU
		{2BCC8DFF-9593-4E3A-850C-9FB2DB633C71}.Release|Any CPU.ActiveCfg = Release|Any CPU
		{2BCC8DFF-9593-4E3A-850C-9FB2DB633C71}.Release|Any CPU.Build.0 = Release|Any CPU
	EndGlobalSection
	GlobalSection(SolutionProperties) = preSolution
		HideSolutionNode = FALSE
	EndGlobalSection
	GlobalSection(ExtensibilityGlobals) = postSolution
		SolutionGuid = {1F84D23B-A1A1-4A9C-8008-654053AEC85E}
	EndGlobalSection
EndGlobal
